// !$*UTF8*$!
{
	archiveVersion = 1;
	classes = {
	};
	objectVersion = 56;
	objects = {

/* Begin PBXBuildFile section */
		1A396BD72A178A3900247E53 /* ZNRecipe.swift in Sources */ = {isa = PBXBuildFile; fileRef = 1A396BD62A178A3900247E53 /* ZNRecipe.swift */; };
		449EB3862A1771A300D773BD /* ZotNutritionApp.swift in Sources */ = {isa = PBXBuildFile; fileRef = 449EB3852A1771A300D773BD /* ZotNutritionApp.swift */; };
		449EB3882A1771A300D773BD /* ContentView.swift in Sources */ = {isa = PBXBuildFile; fileRef = 449EB3872A1771A300D773BD /* ContentView.swift */; };
		449EB38A2A1771AE00D773BD /* Assets.xcassets in Resources */ = {isa = PBXBuildFile; fileRef = 449EB3892A1771AE00D773BD /* Assets.xcassets */; };
		449EB38D2A1771AE00D773BD /* Preview Assets.xcassets in Resources */ = {isa = PBXBuildFile; fileRef = 449EB38C2A1771AE00D773BD /* Preview Assets.xcassets */; };
		449EB3942A17751A00D773BD /* ZNProfileSetUp.swift in Sources */ = {isa = PBXBuildFile; fileRef = 449EB3932A17751A00D773BD /* ZNProfileSetUp.swift */; };
		449EB3962A17791000D773BD /* ZNGoalsPage.swift in Sources */ = {isa = PBXBuildFile; fileRef = 449EB3952A17791000D773BD /* ZNGoalsPage.swift */; };
		C7F3C47A2A17EB5D00B4ACD1 /* DatabaseManager.swift in Sources */ = {isa = PBXBuildFile; fileRef = C7F3C4792A17EB5D00B4ACD1 /* DatabaseManager.swift */; };
		C7F3C47C2A17EB9E00B4ACD1 /* DatabaseTests.swift in Sources */ = {isa = PBXBuildFile; fileRef = C7F3C47B2A17EB9E00B4ACD1 /* DatabaseTests.swift */; };
		C7F3C47F2A17EC3200B4ACD1 /* SQLite in Frameworks */ = {isa = PBXBuildFile; productRef = C7F3C47E2A17EC3200B4ACD1 /* SQLite */; };
/* End PBXBuildFile section */

/* Begin PBXFileReference section */
		1A396BD62A178A3900247E53 /* ZNRecipe.swift */ = {isa = PBXFileReference; lastKnownFileType = sourcecode.swift; path = ZNRecipe.swift; sourceTree = "<group>"; };
		449EB3822A1771A300D773BD /* ZotNutrition.app */ = {isa = PBXFileReference; explicitFileType = wrapper.application; includeInIndex = 0; path = ZotNutrition.app; sourceTree = BUILT_PRODUCTS_DIR; };
		449EB3852A1771A300D773BD /* ZotNutritionApp.swift */ = {isa = PBXFileReference; lastKnownFileType = sourcecode.swift; path = ZotNutritionApp.swift; sourceTree = "<group>"; };
		449EB3872A1771A300D773BD /* ContentView.swift */ = {isa = PBXFileReference; lastKnownFileType = sourcecode.swift; path = ContentView.swift; sourceTree = "<group>"; };
		449EB3892A1771AE00D773BD /* Assets.xcassets */ = {isa = PBXFileReference; lastKnownFileType = folder.assetcatalog; path = Assets.xcassets; sourceTree = "<group>"; };
		449EB38C2A1771AE00D773BD /* Preview Assets.xcassets */ = {isa = PBXFileReference; lastKnownFileType = folder.assetcatalog; path = "Preview Assets.xcassets"; sourceTree = "<group>"; };
		449EB3932A17751A00D773BD /* ZNProfileSetUp.swift */ = {isa = PBXFileReference; lastKnownFileType = sourcecode.swift; path = ZNProfileSetUp.swift; sourceTree = "<group>"; };
		449EB3952A17791000D773BD /* ZNGoalsPage.swift */ = {isa = PBXFileReference; lastKnownFileType = sourcecode.swift; path = ZNGoalsPage.swift; sourceTree = "<group>"; };
		C7F3C4792A17EB5D00B4ACD1 /* DatabaseManager.swift */ = {isa = PBXFileReference; lastKnownFileType = sourcecode.swift; path = DatabaseManager.swift; sourceTree = "<group>"; };
		C7F3C47B2A17EB9E00B4ACD1 /* DatabaseTests.swift */ = {isa = PBXFileReference; lastKnownFileType = sourcecode.swift; path = DatabaseTests.swift; sourceTree = "<group>"; };
/* End PBXFileReference section */

/* Begin PBXFrameworksBuildPhase section */
		449EB37F2A1771A200D773BD /* Frameworks */ = {
			isa = PBXFrameworksBuildPhase;
			buildActionMask = 2147483647;
			files = (
				C7F3C47F2A17EC3200B4ACD1 /* SQLite in Frameworks */,
			);
			runOnlyForDeploymentPostprocessing = 0;
		};
/* End PBXFrameworksBuildPhase section */

/* Begin PBXGroup section */
		449EB3792A1771A200D773BD = {
			isa = PBXGroup;
			children = (
				449EB3842A1771A300D773BD /* ZotNutrition */,
				449EB3832A1771A300D773BD /* Products */,
			);
			sourceTree = "<group>";
		};
		449EB3832A1771A300D773BD /* Products */ = {
			isa = PBXGroup;
			children = (
				449EB3822A1771A300D773BD /* ZotNutrition.app */,
			);
			name = Products;
			sourceTree = "<group>";
		};
		449EB3842A1771A300D773BD /* ZotNutrition */ = {
			isa = PBXGroup;
			children = (
				449EB3952A17791000D773BD /* ZNGoalsPage.swift */,
				449EB3872A1771A300D773BD /* ContentView.swift */,
				C7F3C4792A17EB5D00B4ACD1 /* DatabaseManager.swift */,
				C7F3C47B2A17EB9E00B4ACD1 /* DatabaseTests.swift */,
				449EB3932A17751A00D773BD /* ZNProfileSetUp.swift */,
				449EB3852A1771A300D773BD /* ZotNutritionApp.swift */,
				1A396BD62A178A3900247E53 /* ZNRecipe.swift */,
				449EB3892A1771AE00D773BD /* Assets.xcassets */,
				449EB38B2A1771AE00D773BD /* Preview Content */,
			);
			path = ZotNutrition;
			sourceTree = "<group>";
		};
		449EB38B2A1771AE00D773BD /* Preview Content */ = {
			isa = PBXGroup;
			children = (
				449EB38C2A1771AE00D773BD /* Preview Assets.xcassets */,
			);
			path = "Preview Content";
			sourceTree = "<group>";
		};
/* End PBXGroup section */

/* Begin PBXNativeTarget section */
		449EB3812A1771A200D773BD /* ZotNutrition */ = {
			isa = PBXNativeTarget;
			buildConfigurationList = 449EB3902A1771AE00D773BD /* Build configuration list for PBXNativeTarget "ZotNutrition" */;
			buildPhases = (
				449EB37E2A1771A200D773BD /* Sources */,
				449EB37F2A1771A200D773BD /* Frameworks */,
				449EB3802A1771A200D773BD /* Resources */,
			);
			buildRules = (
			);
			dependencies = (
			);
			name = ZotNutrition;
			packageProductDependencies = (
				C7F3C47E2A17EC3200B4ACD1 /* SQLite */,
			);
			productName = ZotNutrition;
			productReference = 449EB3822A1771A300D773BD /* ZotNutrition.app */;
			productType = "com.apple.product-type.application";
		};
/* End PBXNativeTarget section */

/* Begin PBXProject section */
		449EB37A2A1771A200D773BD /* Project object */ = {
			isa = PBXProject;
			attributes = {
				BuildIndependentTargetsInParallel = 1;
				LastSwiftUpdateCheck = 1430;
				LastUpgradeCheck = 1430;
				TargetAttributes = {
					449EB3812A1771A200D773BD = {
						CreatedOnToolsVersion = 14.3;
					};
				};
			};
			buildConfigurationList = 449EB37D2A1771A200D773BD /* Build configuration list for PBXProject "ZotNutrition" */;
			compatibilityVersion = "Xcode 14.0";
			developmentRegion = en;
			hasScannedForEncodings = 0;
			knownRegions = (
				en,
				Base,
			);
			mainGroup = 449EB3792A1771A200D773BD;
			packageReferences = (
				C7F3C47D2A17EC3100B4ACD1 /* XCRemoteSwiftPackageReference "SQLite.swift" */,
			);
			productRefGroup = 449EB3832A1771A300D773BD /* Products */;
			projectDirPath = "";
			projectRoot = "";
			targets = (
				449EB3812A1771A200D773BD /* ZotNutrition */,
			);
		};
/* End PBXProject section */

/* Begin PBXResourcesBuildPhase section */
		449EB3802A1771A200D773BD /* Resources */ = {
			isa = PBXResourcesBuildPhase;
			buildActionMask = 2147483647;
			files = (
				449EB38D2A1771AE00D773BD /* Preview Assets.xcassets in Resources */,
				449EB38A2A1771AE00D773BD /* Assets.xcassets in Resources */,
			);
			runOnlyForDeploymentPostprocessing = 0;
		};
/* End PBXResourcesBuildPhase section */

/* Begin PBXSourcesBuildPhase section */
		449EB37E2A1771A200D773BD /* Sources */ = {
			isa = PBXSourcesBuildPhase;
			buildActionMask = 2147483647;
			files = (
				449EB3882A1771A300D773BD /* ContentView.swift in Sources */,
				449EB3942A17751A00D773BD /* ZNProfileSetUp.swift in Sources */,
				C7F3C47A2A17EB5D00B4ACD1 /* DatabaseManager.swift in Sources */,
				449EB3862A1771A300D773BD /* ZotNutritionApp.swift in Sources */,
				C7F3C47C2A17EB9E00B4ACD1 /* DatabaseTests.swift in Sources */,
				449EB3962A17791000D773BD /* ZNGoalsPage.swift in Sources */,
				1A396BD72A178A3900247E53 /* ZNRecipe.swift in Sources */,
			);
			runOnlyForDeploymentPostprocessing = 0;
		};
/* End PBXSourcesBuildPhase section */

/* Begin XCBuildConfiguration section */
		449EB38E2A1771AE00D773BD /* Debug */ = {
			isa = XCBuildConfiguration;
			buildSettings = {
				ALWAYS_SEARCH_USER_PATHS = NO;
				CLANG_ANALYZER_NONNULL = YES;
				CLANG_ANALYZER_NUMBER_OBJECT_CONVERSION = YES_AGGRESSIVE;
				CLANG_CXX_LANGUAGE_STANDARD = "gnu++20";
				CLANG_ENABLE_MODULES = YES;
				CLANG_ENABLE_OBJC_ARC = YES;
				CLANG_ENABLE_OBJC_WEAK = YES;
				CLANG_WARN_BLOCK_CAPTURE_AUTORELEASING = YES;
				CLANG_WARN_BOOL_CONVERSION = YES;
				CLANG_WARN_COMMA = YES;
				CLANG_WARN_CONSTANT_CONVERSION = YES;
				CLANG_WARN_DEPRECATED_OBJC_IMPLEMENTATIONS = YES;
				CLANG_WARN_DIRECT_OBJC_ISA_USAGE = YES_ERROR;
				CLANG_WARN_DOCUMENTATION_COMMENTS = YES;
				CLANG_WARN_EMPTY_BODY = YES;
				CLANG_WARN_ENUM_CONVERSION = YES;
				CLANG_WARN_INFINITE_RECURSION = YES;
				CLANG_WARN_INT_CONVERSION = YES;
				CLANG_WARN_NON_LITERAL_NULL_CONVERSION = YES;
				CLANG_WARN_OBJC_IMPLICIT_RETAIN_SELF = YES;
				CLANG_WARN_OBJC_LITERAL_CONVERSION = YES;
				CLANG_WARN_OBJC_ROOT_CLASS = YES_ERROR;
				CLANG_WARN_QUOTED_INCLUDE_IN_FRAMEWORK_HEADER = YES;
				CLANG_WARN_RANGE_LOOP_ANALYSIS = YES;
				CLANG_WARN_STRICT_PROTOTYPES = YES;
				CLANG_WARN_SUSPICIOUS_MOVE = YES;
				CLANG_WARN_UNGUARDED_AVAILABILITY = YES_AGGRESSIVE;
				CLANG_WARN_UNREACHABLE_CODE = YES;
				CLANG_WARN__DUPLICATE_METHOD_MATCH = YES;
				COPY_PHASE_STRIP = NO;
				DEBUG_INFORMATION_FORMAT = dwarf;
				ENABLE_STRICT_OBJC_MSGSEND = YES;
				ENABLE_TESTABILITY = YES;
				GCC_C_LANGUAGE_STANDARD = gnu11;
				GCC_DYNAMIC_NO_PIC = NO;
				GCC_NO_COMMON_BLOCKS = YES;
				GCC_OPTIMIZATION_LEVEL = 0;
				GCC_PREPROCESSOR_DEFINITIONS = (
					"DEBUG=1",
					"$(inherited)",
				);
				GCC_WARN_64_TO_32_BIT_CONVERSION = YES;
				GCC_WARN_ABOUT_RETURN_TYPE = YES_ERROR;
				GCC_WARN_UNDECLARED_SELECTOR = YES;
				GCC_WARN_UNINITIALIZED_AUTOS = YES_AGGRESSIVE;
				GCC_WARN_UNUSED_FUNCTION = YES;
				GCC_WARN_UNUSED_VARIABLE = YES;
				IPHONEOS_DEPLOYMENT_TARGET = 16.4;
				MTL_ENABLE_DEBUG_INFO = INCLUDE_SOURCE;
				MTL_FAST_MATH = YES;
				ONLY_ACTIVE_ARCH = YES;
				SDKROOT = iphoneos;
				SWIFT_ACTIVE_COMPILATION_CONDITIONS = DEBUG;
				SWIFT_OPTIMIZATION_LEVEL = "-Onone";
			};
			name = Debug;
		};
		449EB38F2A1771AE00D773BD /* Release */ = {
			isa = XCBuildConfiguration;
			buildSettings = {
				ALWAYS_SEARCH_USER_PATHS = NO;
				CLANG_ANALYZER_NONNULL = YES;
				CLANG_ANALYZER_NUMBER_OBJECT_CONVERSION = YES_AGGRESSIVE;
				CLANG_CXX_LANGUAGE_STANDARD = "gnu++20";
				CLANG_ENABLE_MODULES = YES;
				CLANG_ENABLE_OBJC_ARC = YES;
				CLANG_ENABLE_OBJC_WEAK = YES;
				CLANG_WARN_BLOCK_CAPTURE_AUTORELEASING = YES;
				CLANG_WARN_BOOL_CONVERSION = YES;
				CLANG_WARN_COMMA = YES;
				CLANG_WARN_CONSTANT_CONVERSION = YES;
				CLANG_WARN_DEPRECATED_OBJC_IMPLEMENTATIONS = YES;
				CLANG_WARN_DIRECT_OBJC_ISA_USAGE = YES_ERROR;
				CLANG_WARN_DOCUMENTATION_COMMENTS = YES;
				CLANG_WARN_EMPTY_BODY = YES;
				CLANG_WARN_ENUM_CONVERSION = YES;
				CLANG_WARN_INFINITE_RECURSION = YES;
				CLANG_WARN_INT_CONVERSION = YES;
				CLANG_WARN_NON_LITERAL_NULL_CONVERSION = YES;
				CLANG_WARN_OBJC_IMPLICIT_RETAIN_SELF = YES;
				CLANG_WARN_OBJC_LITERAL_CONVERSION = YES;
				CLANG_WARN_OBJC_ROOT_CLASS = YES_ERROR;
				CLANG_WARN_QUOTED_INCLUDE_IN_FRAMEWORK_HEADER = YES;
				CLANG_WARN_RANGE_LOOP_ANALYSIS = YES;
				CLANG_WARN_STRICT_PROTOTYPES = YES;
				CLANG_WARN_SUSPICIOUS_MOVE = YES;
				CLANG_WARN_UNGUARDED_AVAILABILITY = YES_AGGRESSIVE;
				CLANG_WARN_UNREACHABLE_CODE = YES;
				CLANG_WARN__DUPLICATE_METHOD_MATCH = YES;
				COPY_PHASE_STRIP = NO;
				DEBUG_INFORMATION_FORMAT = "dwarf-with-dsym";
				ENABLE_NS_ASSERTIONS = NO;
				ENABLE_STRICT_OBJC_MSGSEND = YES;
				GCC_C_LANGUAGE_STANDARD = gnu11;
				GCC_NO_COMMON_BLOCKS = YES;
				GCC_WARN_64_TO_32_BIT_CONVERSION = YES;
				GCC_WARN_ABOUT_RETURN_TYPE = YES_ERROR;
				GCC_WARN_UNDECLARED_SELECTOR = YES;
				GCC_WARN_UNINITIALIZED_AUTOS = YES_AGGRESSIVE;
				GCC_WARN_UNUSED_FUNCTION = YES;
				GCC_WARN_UNUSED_VARIABLE = YES;
				IPHONEOS_DEPLOYMENT_TARGET = 16.4;
				MTL_ENABLE_DEBUG_INFO = NO;
				MTL_FAST_MATH = YES;
				SDKROOT = iphoneos;
				SWIFT_COMPILATION_MODE = wholemodule;
				SWIFT_OPTIMIZATION_LEVEL = "-O";
				VALIDATE_PRODUCT = YES;
			};
			name = Release;
		};
		449EB3912A1771AE00D773BD /* Debug */ = {
			isa = XCBuildConfiguration;
			buildSettings = {
				ASSETCATALOG_COMPILER_APPICON_NAME = AppIcon;
				ASSETCATALOG_COMPILER_GLOBAL_ACCENT_COLOR_NAME = AccentColor;
				CODE_SIGN_STYLE = Automatic;
				CURRENT_PROJECT_VERSION = 1;
				DEVELOPMENT_ASSET_PATHS = "\"ZotNutrition/Preview Content\"";
				ENABLE_PREVIEWS = YES;
				GENERATE_INFOPLIST_FILE = YES;
				INFOPLIST_KEY_UIApplicationSceneManifest_Generation = YES;
				INFOPLIST_KEY_UIApplicationSupportsIndirectInputEvents = YES;
				INFOPLIST_KEY_UILaunchScreen_Generation = YES;
				INFOPLIST_KEY_UISupportedInterfaceOrientations_iPad = "UIInterfaceOrientationPortrait UIInterfaceOrientationPortraitUpsideDown UIInterfaceOrientationLandscapeLeft UIInterfaceOrientationLandscapeRight";
				INFOPLIST_KEY_UISupportedInterfaceOrientations_iPhone = "UIInterfaceOrientationPortrait UIInterfaceOrientationLandscapeLeft UIInterfaceOrientationLandscapeRight";
				LD_RUNPATH_SEARCH_PATHS = (
					"$(inherited)",
					"@executable_path/Frameworks",
				);
				MARKETING_VERSION = 1.0;
				PRODUCT_BUNDLE_IDENTIFIER = uci.ZotNutrition;
				PRODUCT_NAME = "$(TARGET_NAME)";
				SWIFT_EMIT_LOC_STRINGS = YES;
				SWIFT_VERSION = 5.0;
				TARGETED_DEVICE_FAMILY = "1,2";
			};
			name = Debug;
		};
		449EB3922A1771AE00D773BD /* Release */ = {
			isa = XCBuildConfiguration;
			buildSettings = {
				ASSETCATALOG_COMPILER_APPICON_NAME = AppIcon;
				ASSETCATALOG_COMPILER_GLOBAL_ACCENT_COLOR_NAME = AccentColor;
				CODE_SIGN_STYLE = Automatic;
				CURRENT_PROJECT_VERSION = 1;
				DEVELOPMENT_ASSET_PATHS = "\"ZotNutrition/Preview Content\"";
				ENABLE_PREVIEWS = YES;
				GENERATE_INFOPLIST_FILE = YES;
				INFOPLIST_KEY_UIApplicationSceneManifest_Generation = YES;
				INFOPLIST_KEY_UIApplicationSupportsIndirectInputEvents = YES;
				INFOPLIST_KEY_UILaunchScreen_Generation = YES;
				INFOPLIST_KEY_UISupportedInterfaceOrientations_iPad = "UIInterfaceOrientationPortrait UIInterfaceOrientationPortraitUpsideDown UIInterfaceOrientationLandscapeLeft UIInterfaceOrientationLandscapeRight";
				INFOPLIST_KEY_UISupportedInterfaceOrientations_iPhone = "UIInterfaceOrientationPortrait UIInterfaceOrientationLandscapeLeft UIInterfaceOrientationLandscapeRight";
				LD_RUNPATH_SEARCH_PATHS = (
					"$(inherited)",
					"@executable_path/Frameworks",
				);
				MARKETING_VERSION = 1.0;
				PRODUCT_BUNDLE_IDENTIFIER = uci.ZotNutrition;
				PRODUCT_NAME = "$(TARGET_NAME)";
				SWIFT_EMIT_LOC_STRINGS = YES;
				SWIFT_VERSION = 5.0;
				TARGETED_DEVICE_FAMILY = "1,2";
			};
			name = Release;
		};
/* End XCBuildConfiguration section */

/* Begin XCConfigurationList section */
		449EB37D2A1771A200D773BD /* Build configuration list for PBXProject "ZotNutrition" */ = {
			isa = XCConfigurationList;
			buildConfigurations = (
				449EB38E2A1771AE00D773BD /* Debug */,
				449EB38F2A1771AE00D773BD /* Release */,
			);
			defaultConfigurationIsVisible = 0;
			defaultConfigurationName = Release;
		};
		449EB3902A1771AE00D773BD /* Build configuration list for PBXNativeTarget "ZotNutrition" */ = {
			isa = XCConfigurationList;
			buildConfigurations = (
				449EB3912A1771AE00D773BD /* Debug */,
				449EB3922A1771AE00D773BD /* Release */,
			);
			defaultConfigurationIsVisible = 0;
			defaultConfigurationName = Release;
		};
/* End XCConfigurationList section */

/* Begin XCRemoteSwiftPackageReference section */
		C7F3C47D2A17EC3100B4ACD1 /* XCRemoteSwiftPackageReference "SQLite.swift" */ = {
			isa = XCRemoteSwiftPackageReference;
			repositoryURL = "https://github.com/stephencelis/SQLite.swift.git";
			requirement = {
				kind = upToNextMajorVersion;
				minimumVersion = 0.14.1;
			};
		};
/* End XCRemoteSwiftPackageReference section */

/* Begin XCSwiftPackageProductDependency section */
		C7F3C47E2A17EC3200B4ACD1 /* SQLite */ = {
			isa = XCSwiftPackageProductDependency;
			package = C7F3C47D2A17EC3100B4ACD1 /* XCRemoteSwiftPackageReference "SQLite.swift" */;
			productName = SQLite;
		};
/* End XCSwiftPackageProductDependency section */
	};
	rootObject = 449EB37A2A1771A200D773BD /* Project object */;
}
